
Microsoft Visual Studio Solution File, Format Version 12.00
# Visual Studio Version 17
VisualStudioVersion = 17.11.35312.102
MinimumVisualStudioVersion = 10.0.40219.1
Project("{FAE04EC0-301F-11D3-BF4B-00C04F79EFBC}") = "Tracking", "Tracking.csproj", "{9DFC2C14-0D15-494D-B5A4-E524C82FDBE0}"
EndProject
Project("{54435603-DBB4-11D2-8724-00A0C9A8B90C}") = "Tracking Setup", "..\Tracking Setup\Tracking Setup.vdproj", "{174F79BD-408C-41C4-9388-16DDBD33C489}"
EndProject
Project("{9A19103F-16F7-4668-BE54-9A1E7A4F7556}") = "SerialGenerator", "..\..\..\SerialGenerator\SerialGenerator\SerialGenerator.csproj", "{D3F92238-6D5D-4EA7-B2D2-EF764E3D11CE}"
EndProject
Project("{FAE04EC0-301F-11D3-BF4B-00C04F79EFBC}") = "DailyPlan", "..\DailyPlan\DailyPlan.csproj", "{3E710FCD-8045-4B8F-AFD8-2A2DF9A4DB13}"
EndProject
Global
	GlobalSection(SolutionConfigurationPlatforms) = preSolution
		Debug|Any CPU = Debug|Any CPU
		Release|Any CPU = Release|Any CPU
	EndGlobalSection
	GlobalSection(ProjectConfigurationPlatforms) = postSolution
		{9DFC2C14-0D15-494D-B5A4-E524C82FDBE0}.Debug|Any CPU.ActiveCfg = Debug|Any CPU
		{9DFC2C14-0D15-494D-B5A4-E524C82FDBE0}.Debug|Any CPU.Build.0 = Debug|Any CPU
		{9DFC2C14-0D15-494D-B5A4-E524C82FDBE0}.Release|Any CPU.ActiveCfg = Release|Any CPU
		{9DFC2C14-0D15-494D-B5A4-E524C82FDBE0}.Release|Any CPU.Build.0 = Release|Any CPU
		{174F79BD-408C-41C4-9388-16DDBD33C489}.Debug|Any CPU.ActiveCfg = Debug
		{174F79BD-408C-41C4-9388-16DDBD33C489}.Release|Any CPU.ActiveCfg = Release
		{D3F92238-6D5D-4EA7-B2D2-EF764E3D11CE}.Debug|Any CPU.ActiveCfg = Debug|Any CPU
		{D3F92238-6D5D-4EA7-B2D2-EF764E3D11CE}.Debug|Any CPU.Build.0 = Debug|Any CPU
		{D3F92238-6D5D-4EA7-B2D2-EF764E3D11CE}.Release|Any CPU.ActiveCfg = Release|Any CPU
		{D3F92238-6D5D-4EA7-B2D2-EF764E3D11CE}.Release|Any CPU.Build.0 = Release|Any CPU
		{3E710FCD-8045-4B8F-AFD8-2A2DF9A4DB13}.Debug|Any CPU.ActiveCfg = Debug|Any CPU
		{3E710FCD-8045-4B8F-AFD8-2A2DF9A4DB13}.Debug|Any CPU.Build.0 = Debug|Any CPU
		{3E710FCD-8045-4B8F-AFD8-2A2DF9A4DB13}.Release|Any CPU.ActiveCfg = Release|Any CPU
		{3E710FCD-8045-4B8F-AFD8-2A2DF9A4DB13}.Release|Any CPU.Build.0 = Release|Any CPU
	EndGlobalSection
	GlobalSection(SolutionProperties) = preSolution
		HideSolutionNode = FALSE
	EndGlobalSection
	GlobalSection(ExtensibilityGlobals) = postSolution
		SolutionGuid = {22E64E0A-3048-482B-B334-1642763352AD}
	EndGlobalSection
EndGlobal
